// !$*UTF8*$!
{
	archiveVersion = 1;
	classes = {
	};
	objectVersion = 77;
	objects = {

/* Begin PBXBuildFile section */
		58E100842F4C069D002032AC /* WidgetKit.framework in Frameworks */ = {isa = PBXBuildFile; fileRef = 58E100832F4C069D002032AC /* WidgetKit.framework */; };
		58E100862F4C069D002032AC /* SwiftUI.framework in Frameworks */ = {isa = PBXBuildFile; fileRef = 58E100852F4C069D002032AC /* SwiftUI.framework */; };
		58E100952F4C069F002032AC /* CountdownWidgetExtension.appex in Embed Foundation Extensions */ = {isa = PBXBuildFile; fileRef = 58E100812F4C069D002032AC /* CountdownWidgetExtension.appex */; settings = {ATTRIBUTES = (RemoveHeadersOnCopy, ); }; };
		58E100A12F4C0B62002032AC /* README.md in Resources */ = {isa = PBXBuildFile; fileRef = 58E1009F2F4C0B5E002032AC /* README.md */; };
/* End PBXBuildFile section */

/* Begin PBXContainerItemProxy section */
		58E1005F2F4C064C002032AC /* PBXContainerItemProxy */ = {
			isa = PBXContainerItemProxy;
			containerPortal = 58E100492F4C0649002032AC /* Project object */;
			proxyType = 1;
			remoteGlobalIDString = 58E100502F4C064A002032AC;
			remoteInfo = CountdownApp;
		};
		58E100692F4C064C002032AC /* PBXContainerItemProxy */ = {
			isa = PBXContainerItemProxy;
			containerPortal = 58E100492F4C0649002032AC /* Project object */;
			proxyType = 1;
			remoteGlobalIDString = 58E100502F4C064A002032AC;
			remoteInfo = CountdownApp;
		};
		58E100932F4C069F002032AC /* PBXContainerItemProxy */ = {
			isa = PBXContainerItemProxy;
			containerPortal = 58E100492F4C0649002032AC /* Project object */;
			proxyType = 1;
			remoteGlobalIDString = 58E100802F4C069D002032AC;
			remoteInfo = CountdownWidgetExtension;
		};
/* End PBXContainerItemProxy section */

/* Begin PBXCopyFilesBuildPhase section */
		58E1009A2F4C069F002032AC /* Embed Foundation Extensions */ = {
			isa = PBXCopyFilesBuildPhase;
			buildActionMask = 2147483647;
			dstPath = "";
			dstSubfolderSpec = 13;
			files = (
				58E100952F4C069F002032AC /* CountdownWidgetExtension.appex in Embed Foundation Extensions */,
			);
			name = "Embed Foundation Extensions";
			runOnlyForDeploymentPostprocessing = 0;
		};
/* End PBXCopyFilesBuildPhase section */

/* Begin PBXFileReference section */
		58E100512F4C064A002032AC /* CountdownApp.app */ = {isa = PBXFileReference; explicitFileType = wrapper.application; includeInIndex = 0; path = CountdownApp.app; sourceTree = BUILT_PRODUCTS_DIR; };
		58E1005E2F4C064C002032AC /* CountdownAppTests.xctest */ = {isa = PBXFileReference; explicitFileType = wrapper.cfbundle; includeInIndex = 0; path = CountdownAppTests.xctest; sourceTree = BUILT_PRODUCTS_DIR; };
		58E100682F4C064C002032AC /* CountdownAppUITests.xctest */ = {isa = PBXFileReference; explicitFileType = wrapper.cfbundle; includeInIndex = 0; path = CountdownAppUITests.xctest; sourceTree = BUILT_PRODUCTS_DIR; };
		58E100812F4C069D002032AC /* CountdownWidgetExtension.appex */ = {isa = PBXFileReference; explicitFileType = "wrapper.app-extension"; includeInIndex = 0; path = CountdownWidgetExtension.appex; sourceTree = BUILT_PRODUCTS_DIR; };
		58E100832F4C069D002032AC /* WidgetKit.framework */ = {isa = PBXFileReference; lastKnownFileType = wrapper.framework; name = WidgetKit.framework; path = System/Library/Frameworks/WidgetKit.framework; sourceTree = SDKROOT; };
		58E100852F4C069D002032AC /* SwiftUI.framework */ = {isa = PBXFileReference; lastKnownFileType = wrapper.framework; name = SwiftUI.framework; path = System/Library/Frameworks/SwiftUI.framework; sourceTree = SDKROOT; };
		58E1009B2F4C0760002032AC /* CountdownWidgetExtension.entitlements */ = {isa = PBXFileReference; lastKnownFileType = text.plist.entitlements; path = CountdownWidgetExtension.entitlements; sourceTree = "<group>"; };
		58E1009F2F4C0B5E002032AC /* README.md */ = {isa = PBXFileReference; lastKnownFileType = net.daringfireball.markdown; path = README.md; sourceTree = "<group>"; };
/* End PBXFileReference section */

/* Begin PBXFileSystemSynchronizedBuildFileExceptionSet section */
		58E100962F4C069F002032AC /* Exceptions for "CountdownWidget" folder in "CountdownWidgetExtension" target */ = {
			isa = PBXFileSystemSynchronizedBuildFileExceptionSet;
			membershipExceptions = (
				Info.plist,
			);
			target = 58E100802F4C069D002032AC /* CountdownWidgetExtension */;
		};
		58E1009E2F4C07ED002032AC /* Exceptions for "CountdownApp" folder in "CountdownWidgetExtension" target */ = {
			isa = PBXFileSystemSynchronizedBuildFileExceptionSet;
			membershipExceptions = (
				CountdownEvent.swift,
			);
			target = 58E100802F4C069D002032AC /* CountdownWidgetExtension */;
		};
/* End PBXFileSystemSynchronizedBuildFileExceptionSet section */

/* Begin PBXFileSystemSynchronizedRootGroup section */
		58E100532F4C064A002032AC /* CountdownApp */ = {
			isa = PBXFileSystemSynchronizedRootGroup;
			exceptions = (
				58E1009E2F4C07ED002032AC /* Exceptions for "CountdownApp" folder in "CountdownWidgetExtension" target */,
			);
			path = CountdownApp;
			sourceTree = "<group>";
		};
		58E100612F4C064C002032AC /* CountdownAppTests */ = {
			isa = PBXFileSystemSynchronizedRootGroup;
			path = CountdownAppTests;
			sourceTree = "<group>";
		};
		58E1006B2F4C064C002032AC /* CountdownAppUITests */ = {
			isa = PBXFileSystemSynchronizedRootGroup;
			path = CountdownAppUITests;
			sourceTree = "<group>";
		};
		58E100872F4C069D002032AC /* CountdownWidget */ = {
			isa = PBXFileSystemSynchronizedRootGroup;
			exceptions = (
				58E100962F4C069F002032AC /* Exceptions for "CountdownWidget" folder in "CountdownWidgetExtension" target */,
			);
			path = CountdownWidget;
			sourceTree = "<group>";
		};
/* End PBXFileSystemSynchronizedRootGroup section */

/* Begin PBXFrameworksBuildPhase section */
		58E1004E2F4C064A002032AC /* Frameworks */ = {
			isa = PBXFrameworksBuildPhase;
			buildActionMask = 2147483647;
			files = (
			);
			runOnlyForDeploymentPostprocessing = 0;
		};
		58E1005B2F4C064C002032AC /* Frameworks */ = {
			isa = PBXFrameworksBuildPhase;
			buildActionMask = 2147483647;
			files = (
			);
			runOnlyForDeploymentPostprocessing = 0;
		};
		58E100652F4C064C002032AC /* Frameworks */ = {
			isa = PBXFrameworksBuildPhase;
			buildActionMask = 2147483647;
			files = (
			);
			runOnlyForDeploymentPostprocessing = 0;
		};
		58E1007E2F4C069D002032AC /* Frameworks */ = {
			isa = PBXFrameworksBuildPhase;
			buildActionMask = 2147483647;
			files = (
				58E100862F4C069D002032AC /* SwiftUI.framework in Frameworks */,
				58E100842F4C069D002032AC /* WidgetKit.framework in Frameworks */,
			);
			runOnlyForDeploymentPostprocessing = 0;
		};
/* End PBXFrameworksBuildPhase section */

/* Begin PBXGroup section */
		58E100482F4C0649002032AC = {
			isa = PBXGroup;
			children = (
				58E1009F2F4C0B5E002032AC /* README.md */,
				58E1009B2F4C0760002032AC /* CountdownWidgetExtension.entitlements */,
				58E100532F4C064A002032AC /* CountdownApp */,
				58E100612F4C064C002032AC /* CountdownAppTests */,
				58E1006B2F4C064C002032AC /* CountdownAppUITests */,
				58E100872F4C069D002032AC /* CountdownWidget */,
				58E100822F4C069D002032AC /* Frameworks */,
				58E100522F4C064A002032AC /* Products */,
			);
			sourceTree = "<group>";
		};
		58E100522F4C064A002032AC /* Products */ = {
			isa = PBXGroup;
			children = (
				58E100512F4C064A002032AC /* CountdownApp.app */,
				58E1005E2F4C064C002032AC /* CountdownAppTests.xctest */,
				58E100682F4C064C002032AC /* CountdownAppUITests.xctest */,
				58E100812F4C069D002032AC /* CountdownWidgetExtension.appex */,
			);
			name = Products;
			sourceTree = "<group>";
		};
		58E100822F4C069D002032AC /* Frameworks */ = {
			isa = PBXGroup;
			children = (
				58E100832F4C069D002032AC /* WidgetKit.framework */,
				58E100852F4C069D002032AC /* SwiftUI.framework */,
			);
			name = Frameworks;
			sourceTree = "<group>";
		};
/* End PBXGroup section */

/* Begin PBXNativeTarget section */
		58E100502F4C064A002032AC /* CountdownApp */ = {
			isa = PBXNativeTarget;
			buildConfigurationList = 58E100722F4C064C002032AC /* Build configuration list for PBXNativeTarget "CountdownApp" */;
			buildPhases = (
				58E1004D2F4C064A002032AC /* Sources */,
				58E1004E2F4C064A002032AC /* Frameworks */,
				58E1004F2F4C064A002032AC /* Resources */,
				58E1009A2F4C069F002032AC /* Embed Foundation Extensions */,
			);
			buildRules = (
			);
			dependencies = (
				58E100942F4C069F002032AC /* PBXTargetDependency */,
			);
			fileSystemSynchronizedGroups = (
				58E100532F4C064A002032AC /* CountdownApp */,
			);
			name = CountdownApp;
			packageProductDependencies = (
			);
			productName = CountdownApp;
			productReference = 58E100512F4C064A002032AC /* CountdownApp.app */;
			productType = "com.apple.product-type.application";
		};
		58E1005D2F4C064C002032AC /* CountdownAppTests */ = {
			isa = PBXNativeTarget;
			buildConfigurationList = 58E100752F4C064C002032AC /* Build configuration list for PBXNativeTarget "CountdownAppTests" */;
			buildPhases = (
				58E1005A2F4C064C002032AC /* Sources */,
				58E1005B2F4C064C002032AC /* Frameworks */,
				58E1005C2F4C064C002032AC /* Resources */,
			);
			buildRules = (
			);
			dependencies = (
				58E100602F4C064C002032AC /* PBXTargetDependency */,
			);
			fileSystemSynchronizedGroups = (
				58E100612F4C064C002032AC /* CountdownAppTests */,
			);
			name = CountdownAppTests;
			packageProductDependencies = (
			);
			productName = CountdownAppTests;
			productReference = 58E1005E2F4C064C002032AC /* CountdownAppTests.xctest */;
			productType = "com.apple.product-type.bundle.unit-test";
		};
		58E100672F4C064C002032AC /* CountdownAppUITests */ = {
			isa = PBXNativeTarget;
			buildConfigurationList = 58E100782F4C064C002032AC /* Build configuration list for PBXNativeTarget "CountdownAppUITests" */;
			buildPhases = (
				58E100642F4C064C002032AC /* Sources */,
				58E100652F4C064C002032AC /* Frameworks */,
				58E100662F4C064C002032AC /* Resources */,
			);
			buildRules = (
			);
			dependencies = (
				58E1006A2F4C064C002032AC /* PBXTargetDependency */,
			);
			fileSystemSynchronizedGroups = (
				58E1006B2F4C064C002032AC /* CountdownAppUITests */,
			);
			name = CountdownAppUITests;
			packageProductDependencies = (
			);
			productName = CountdownAppUITests;
			productReference = 58E100682F4C064C002032AC /* CountdownAppUITests.xctest */;
			productType = "com.apple.product-type.bundle.ui-testing";
		};
		58E100802F4C069D002032AC /* CountdownWidgetExtension */ = {
			isa = PBXNativeTarget;
			buildConfigurationList = 58E100972F4C069F002032AC /* Build configuration list for PBXNativeTarget "CountdownWidgetExtension" */;
			buildPhases = (
				58E1007D2F4C069D002032AC /* Sources */,
				58E1007E2F4C069D002032AC /* Frameworks */,
				58E1007F2F4C069D002032AC /* Resources */,
			);
			buildRules = (
			);
			dependencies = (
			);
			fileSystemSynchronizedGroups = (
				58E100872F4C069D002032AC /* CountdownWidget */,
			);
			name = CountdownWidgetExtension;
			packageProductDependencies = (
			);
			productName = CountdownWidgetExtension;
			productReference = 58E100812F4C069D002032AC /* CountdownWidgetExtension.appex */;
			productType = "com.apple.product-type.app-extension";
		};
/* End PBXNativeTarget section */

/* Begin PBXProject section */
		58E100492F4C0649002032AC /* Project object */ = {
			isa = PBXProject;
			attributes = {
				BuildIndependentTargetsInParallel = 1;
				LastSwiftUpdateCheck = 2620;
				LastUpgradeCheck = 2620;
				TargetAttributes = {
					58E100502F4C064A002032AC = {
						CreatedOnToolsVersion = 26.2;
					};
					58E1005D2F4C064C002032AC = {
						CreatedOnToolsVersion = 26.2;
						TestTargetID = 58E100502F4C064A002032AC;
					};
					58E100672F4C064C002032AC = {
						CreatedOnToolsVersion = 26.2;
						TestTargetID = 58E100502F4C064A002032AC;
					};
					58E100802F4C069D002032AC = {
						CreatedOnToolsVersion = 26.2;
					};
				};
			};
			buildConfigurationList = 58E1004C2F4C0649002032AC /* Build configuration list for PBXProject "CountdownApp" */;
			developmentRegion = en;
			hasScannedForEncodings = 0;
			knownRegions = (
				en,
				Base,
			);
			mainGroup = 58E100482F4C0649002032AC;
			minimizedProjectReferenceProxies = 1;
			preferredProjectObjectVersion = 77;
			productRefGroup = 58E100522F4C064A002032AC /* Products */;
			projectDirPath = "";
			projectRoot = "";
			targets = (
				58E100502F4C064A002032AC /* CountdownApp */,
				58E1005D2F4C064C002032AC /* CountdownAppTests */,
				58E100672F4C064C002032AC /* CountdownAppUITests */,
				58E100802F4C069D002032AC /* CountdownWidgetExtension */,
			);
		};
/* End PBXProject section */

/* Begin PBXResourcesBuildPhase section */
		58E1004F2F4C064A002032AC /* Resources */ = {
			isa = PBXResourcesBuildPhase;
			buildActionMask = 2147483647;
			files = (
				58E100A12F4C0B62002032AC /* README.md in Resources */,
			);
			runOnlyForDeploymentPostprocessing = 0;
		};
		58E1005C2F4C064C002032AC /* Resources */ = {
			isa = PBXResourcesBuildPhase;
			buildActionMask = 2147483647;
			files = (
			);
			runOnlyForDeploymentPostprocessing = 0;
		};
		58E100662F4C064C002032AC /* Resources */ = {
			isa = PBXResourcesBuildPhase;
			buildActionMask = 2147483647;
			files = (
			);
			runOnlyForDeploymentPostprocessing = 0;
		};
		58E1007F2F4C069D002032AC /* Resources */ = {
			isa = PBXResourcesBuildPhase;
			buildActionMask = 2147483647;
			files = (
			);
			runOnlyForDeploymentPostprocessing = 0;
		};
/* End PBXResourcesBuildPhase section */

/* Begin PBXSourcesBuildPhase section */
		58E1004D2F4C064A002032AC /* Sources */ = {
			isa = PBXSourcesBuildPhase;
			buildActionMask = 2147483647;
			files = (
			);
			runOnlyForDeploymentPostprocessing = 0;
		};
		58E1005A2F4C064C002032AC /* Sources */ = {
			isa = PBXSourcesBuildPhase;
			buildActionMask = 2147483647;
			files = (
			);
			runOnlyForDeploymentPostprocessing = 0;
		};
		58E100642F4C064C002032AC /* Sources */ = {
			isa = PBXSourcesBuildPhase;
			buildActionMask = 2147483647;
			files = (
			);
			runOnlyForDeploymentPostprocessing = 0;
		};
		58E1007D2F4C069D002032AC /* Sources */ = {
			isa = PBXSourcesBuildPhase;
			buildActionMask = 2147483647;
			files = (
			);
			runOnlyForDeploymentPostprocessing = 0;
		};
/* End PBXSourcesBuildPhase section */

/* Begin PBXTargetDependency section */
		58E100602F4C064C002032AC /* PBXTargetDependency */ = {
			isa = PBXTargetDependency;
			target = 58E100502F4C064A002032AC /* CountdownApp */;
			targetProxy = 58E1005F2F4C064C002032AC /* PBXContainerItemProxy */;
		};
		58E1006A2F4C064C002032AC /* PBXTargetDependency */ = {
			isa = PBXTargetDependency;
			target = 58E100502F4C064A002032AC /* CountdownApp */;
			targetProxy = 58E100692F4C064C002032AC /* PBXContainerItemProxy */;
		};
		58E100942F4C069F002032AC /* PBXTargetDependency */ = {
			isa = PBXTargetDependency;
			target = 58E100802F4C069D002032AC /* CountdownWidgetExtension */;
			targetProxy = 58E100932F4C069F002032AC /* PBXContainerItemProxy */;
		};
/* End PBXTargetDependency section */

/* Begin XCBuildConfiguration section */
		58E100702F4C064C002032AC /* Debug */ = {
			isa = XCBuildConfiguration;
			buildSettings = {
				ALWAYS_SEARCH_USER_PATHS = NO;
				ASSETCATALOG_COMPILER_GENERATE_SWIFT_ASSET_SYMBOL_EXTENSIONS = YES;
				CLANG_ANALYZER_NONNULL = YES;
				CLANG_ANALYZER_NUMBER_OBJECT_CONVERSION = YES_AGGRESSIVE;
				CLANG_CXX_LANGUAGE_STANDARD = "gnu++20";
				CLANG_ENABLE_MODULES = YES;
				CLANG_ENABLE_OBJC_ARC = YES;
				CLANG_ENABLE_OBJC_WEAK = YES;
				CLANG_WARN_BLOCK_CAPTURE_AUTORELEASING = YES;
				CLANG_WARN_BOOL_CONVERSION = YES;
				CLANG_WARN_COMMA = YES;
				CLANG_WARN_CONSTANT_CONVERSION = YES;
				CLANG_WARN_DEPRECATED_OBJC_IMPLEMENTATIONS = YES;
				CLANG_WARN_DIRECT_OBJC_ISA_USAGE = YES_ERROR;
				CLANG_WARN_DOCUMENTATION_COMMENTS = YES;
				CLANG_WARN_EMPTY_BODY = YES;
				CLANG_WARN_ENUM_CONVERSION = YES;
				CLANG_WARN_INFINITE_RECURSION = YES;
				CLANG_WARN_INT_CONVERSION = YES;
				CLANG_WARN_NON_LITERAL_NULL_CONVERSION = YES;
				CLANG_WARN_OBJC_IMPLICIT_RETAIN_SELF = YES;
				CLANG_WARN_OBJC_LITERAL_CONVERSION = YES;
				CLANG_WARN_OBJC_ROOT_CLASS = YES_ERROR;
				CLANG_WARN_QUOTED_INCLUDE_IN_FRAMEWORK_HEADER = YES;
				CLANG_WARN_RANGE_LOOP_ANALYSIS = YES;
				CLANG_WARN_STRICT_PROTOTYPES = YES;
				CLANG_WARN_SUSPICIOUS_MOVE = YES;
				CLANG_WARN_UNGUARDED_AVAILABILITY = YES_AGGRESSIVE;
				CLANG_WARN_UNREACHABLE_CODE = YES;
				CLANG_WARN__DUPLICATE_METHOD_MATCH = YES;
				COPY_PHASE_STRIP = NO;
				DEBUG_INFORMATION_FORMAT = dwarf;
				DEVELOPMENT_TEAM = TMN6MFG35F;
				ENABLE_STRICT_OBJC_MSGSEND = YES;
				ENABLE_TESTABILITY = YES;
				ENABLE_USER_SCRIPT_SANDBOXING = YES;
				GCC_C_LANGUAGE_STANDARD = gnu17;
				GCC_DYNAMIC_NO_PIC = NO;
				GCC_NO_COMMON_BLOCKS = YES;
				GCC_OPTIMIZATION_LEVEL = 0;
				GCC_PREPROCESSOR_DEFINITIONS = (
					"DEBUG=1",
					"$(inherited)",
				);
				GCC_WARN_64_TO_32_BIT_CONVERSION = YES;
				GCC_WARN_ABOUT_RETURN_TYPE = YES_ERROR;
				GCC_WARN_UNDECLARED_SELECTOR = YES;
				GCC_WARN_UNINITIALIZED_AUTOS = YES_AGGRESSIVE;
				GCC_WARN_UNUSED_FUNCTION = YES;
				GCC_WARN_UNUSED_VARIABLE = YES;
				IPHONEOS_DEPLOYMENT_TARGET = 26.2;
				LOCALIZATION_PREFERS_STRING_CATALOGS = YES;
				MTL_ENABLE_DEBUG_INFO = INCLUDE_SOURCE;
				MTL_FAST_MATH = YES;
				ONLY_ACTIVE_ARCH = YES;
				SDKROOT = iphoneos;
				SWIFT_ACTIVE_COMPILATION_CONDITIONS = "DEBUG $(inherited)";
				SWIFT_OPTIMIZATION_LEVEL = "-Onone";
			};
			name = Debug;
		};
		58E100712F4C064C002032AC /* Release */ = {
			isa = XCBuildConfiguration;
			buildSettings = {
				ALWAYS_SEARCH_USER_PATHS = NO;
				ASSETCATALOG_COMPILER_GENERATE_SWIFT_ASSET_SYMBOL_EXTENSIONS = YES;
				CLANG_ANALYZER_NONNULL = YES;
				CLANG_ANALYZER_NUMBER_OBJECT_CONVERSION = YES_AGGRESSIVE;
				CLANG_CXX_LANGUAGE_STANDARD = "gnu++20";
				CLANG_ENABLE_MODULES = YES;
				CLANG_ENABLE_OBJC_ARC = YES;
				CLANG_ENABLE_OBJC_WEAK = YES;
				CLANG_WARN_BLOCK_CAPTURE_AUTORELEASING = YES;
				CLANG_WARN_BOOL_CONVERSION = YES;
				CLANG_WARN_COMMA = YES;
				CLANG_WARN_CONSTANT_CONVERSION = YES;
				CLANG_WARN_DEPRECATED_OBJC_IMPLEMENTATIONS = YES;
				CLANG_WARN_DIRECT_OBJC_ISA_USAGE = YES_ERROR;
				CLANG_WARN_DOCUMENTATION_COMMENTS = YES;
				CLANG_WARN_EMPTY_BODY = YES;
				CLANG_WARN_ENUM_CONVERSION = YES;
				CLANG_WARN_INFINITE_RECURSION = YES;
				CLANG_WARN_INT_CONVERSION = YES;
				CLANG_WARN_NON_LITERAL_NULL_CONVERSION = YES;
				CLANG_WARN_OBJC_IMPLICIT_RETAIN_SELF = YES;
				CLANG_WARN_OBJC_LITERAL_CONVERSION = YES;
				CLANG_WARN_OBJC_ROOT_CLASS = YES_ERROR;
				CLANG_WARN_QUOTED_INCLUDE_IN_FRAMEWORK_HEADER = YES;
				CLANG_WARN_RANGE_LOOP_ANALYSIS = YES;
				CLANG_WARN_STRICT_PROTOTYPES = YES;
				CLANG_WARN_SUSPICIOUS_MOVE = YES;
				CLANG_WARN_UNGUARDED_AVAILABILITY = YES_AGGRESSIVE;
				CLANG_WARN_UNREACHABLE_CODE = YES;
				CLANG_WARN__DUPLICATE_METHOD_MATCH = YES;
				COPY_PHASE_STRIP = NO;
				DEBUG_INFORMATION_FORMAT = "dwarf-with-dsym";
				DEVELOPMENT_TEAM = TMN6MFG35F;
				ENABLE_NS_ASSERTIONS = NO;
				ENABLE_STRICT_OBJC_MSGSEND = YES;
				ENABLE_USER_SCRIPT_SANDBOXING = YES;
				GCC_C_LANGUAGE_STANDARD = gnu17;
				GCC_NO_COMMON_BLOCKS = YES;
				GCC_WARN_64_TO_32_BIT_CONVERSION = YES;
				GCC_WARN_ABOUT_RETURN_TYPE = YES_ERROR;
				GCC_WARN_UNDECLARED_SELECTOR = YES;
				GCC_WARN_UNINITIALIZED_AUTOS = YES_AGGRESSIVE;
				GCC_WARN_UNUSED_FUNCTION = YES;
				GCC_WARN_UNUSED_VARIABLE = YES;
				IPHONEOS_DEPLOYMENT_TARGET = 26.2;
				LOCALIZATION_PREFERS_STRING_CATALOGS = YES;
				MTL_ENABLE_DEBUG_INFO = NO;
				MTL_FAST_MATH = YES;
				SDKROOT = iphoneos;
				SWIFT_COMPILATION_MODE = wholemodule;
				VALIDATE_PRODUCT = YES;
			};
			name = Release;
		};
		58E100732F4C064C002032AC /* Debug */ = {
			isa = XCBuildConfiguration;
			buildSettings = {
				ASSETCATALOG_COMPILER_APPICON_NAME = AppIcon;
				ASSETCATALOG_COMPILER_GLOBAL_ACCENT_COLOR_NAME = AccentColor;
				CODE_SIGN_ENTITLEMENTS = CountdownApp/CountdownApp.entitlements;
				CODE_SIGN_STYLE = Automatic;
				CURRENT_PROJECT_VERSION = 1;
				DEVELOPMENT_TEAM = TMN6MFG35F;
				ENABLE_PREVIEWS = YES;
				GENERATE_INFOPLIST_FILE = YES;
				INFOPLIST_KEY_UIApplicationSceneManifest_Generation = YES;
				INFOPLIST_KEY_UIApplicationSupportsIndirectInputEvents = YES;
				INFOPLIST_KEY_UILaunchScreen_Generation = YES;
				INFOPLIST_KEY_UISupportedInterfaceOrientations_iPad = "UIInterfaceOrientationPortrait UIInterfaceOrientationPortraitUpsideDown UIInterfaceOrientationLandscapeLeft UIInterfaceOrientationLandscapeRight";
				INFOPLIST_KEY_UISupportedInterfaceOrientations_iPhone = "UIInterfaceOrientationPortrait UIInterfaceOrientationLandscapeLeft UIInterfaceOrientationLandscapeRight";
				LD_RUNPATH_SEARCH_PATHS = (
					"$(inherited)",
					"@executable_path/Frameworks",
				);
				MARKETING_VERSION = 1.0;
				PRODUCT_BUNDLE_IDENTIFIER = com.riley.CountdownApp;
				PRODUCT_NAME = "$(TARGET_NAME)";
				STRING_CATALOG_GENERATE_SYMBOLS = YES;
				SWIFT_APPROACHABLE_CONCURRENCY = YES;
				SWIFT_DEFAULT_ACTOR_ISOLATION = MainActor;
				SWIFT_EMIT_LOC_STRINGS = YES;
				SWIFT_UPCOMING_FEATURE_MEMBER_IMPORT_VISIBILITY = YES;
				SWIFT_VERSION = 5.0;
				TARGETED_DEVICE_FAMILY = "1,2";
			};
			name = Debug;
		};
		58E100742F4C064C002032AC /* Release */ = {
			isa = XCBuildConfiguration;
			buildSettings = {
				ASSETCATALOG_COMPILER_APPICON_NAME = AppIcon;
				ASSETCATALOG_COMPILER_GLOBAL_ACCENT_COLOR_NAME = AccentColor;
				CODE_SIGN_ENTITLEMENTS = CountdownApp/CountdownApp.entitlements;
				CODE_SIGN_STYLE = Automatic;
				CURRENT_PROJECT_VERSION = 1;
				DEVELOPMENT_TEAM = TMN6MFG35F;
				ENABLE_PREVIEWS = YES;
				GENERATE_INFOPLIST_FILE = YES;
				INFOPLIST_KEY_UIApplicationSceneManifest_Generation = YES;
				INFOPLIST_KEY_UIApplicationSupportsIndirectInputEvents = YES;
				INFOPLIST_KEY_UILaunchScreen_Generation = YES;
				INFOPLIST_KEY_UISupportedInterfaceOrientations_iPad = "UIInterfaceOrientationPortrait UIInterfaceOrientationPortraitUpsideDown UIInterfaceOrientationLandscapeLeft UIInterfaceOrientationLandscapeRight";
				INFOPLIST_KEY_UISupportedInterfaceOrientations_iPhone = "UIInterfaceOrientationPortrait UIInterfaceOrientationLandscapeLeft UIInterfaceOrientationLandscapeRight";
				LD_RUNPATH_SEARCH_PATHS = (
					"$(inherited)",
					"@executable_path/Frameworks",
				);
				MARKETING_VERSION = 1.0;
				PRODUCT_BUNDLE_IDENTIFIER = com.riley.CountdownApp;
				PRODUCT_NAME = "$(TARGET_NAME)";
				STRING_CATALOG_GENERATE_SYMBOLS = YES;
				SWIFT_APPROACHABLE_CONCURRENCY = YES;
				SWIFT_DEFAULT_ACTOR_ISOLATION = MainActor;
				SWIFT_EMIT_LOC_STRINGS = YES;
				SWIFT_UPCOMING_FEATURE_MEMBER_IMPORT_VISIBILITY = YES;
				SWIFT_VERSION = 5.0;
				TARGETED_DEVICE_FAMILY = "1,2";
			};
			name = Release;
		};
		58E100762F4C064C002032AC /* Debug */ = {
			isa = XCBuildConfiguration;
			buildSettings = {
				BUNDLE_LOADER = "$(TEST_HOST)";
				CODE_SIGN_STYLE = Automatic;
				CURRENT_PROJECT_VERSION = 1;
				DEVELOPMENT_TEAM = TMN6MFG35F;
				GENERATE_INFOPLIST_FILE = YES;
				IPHONEOS_DEPLOYMENT_TARGET = 26.2;
				MARKETING_VERSION = 1.0;
				PRODUCT_BUNDLE_IDENTIFIER = com.riley.CountdownAppTests;
				PRODUCT_NAME = "$(TARGET_NAME)";
				STRING_CATALOG_GENERATE_SYMBOLS = NO;
				SWIFT_APPROACHABLE_CONCURRENCY = YES;
				SWIFT_EMIT_LOC_STRINGS = NO;
				SWIFT_UPCOMING_FEATURE_MEMBER_IMPORT_VISIBILITY = YES;
				SWIFT_VERSION = 5.0;
				TARGETED_DEVICE_FAMILY = "1,2";
				TEST_HOST = "$(BUILT_PRODUCTS_DIR)/CountdownApp.app/$(BUNDLE_EXECUTABLE_FOLDER_PATH)/CountdownApp";
			};
			name = Debug;
		};
		58E100772F4C064C002032AC /* Release */ = {
			isa = XCBuildConfiguration;
			buildSettings = {
				BUNDLE_LOADER = "$(TEST_HOST)";
				CODE_SIGN_STYLE = Automatic;
				CURRENT_PROJECT_VERSION = 1;
				DEVELOPMENT_TEAM = TMN6MFG35F;
				GENERATE_INFOPLIST_FILE = YES;
				IPHONEOS_DEPLOYMENT_TARGET = 26.2;
				MARKETING_VERSION = 1.0;
				PRODUCT_BUNDLE_IDENTIFIER = com.riley.CountdownAppTests;
				PRODUCT_NAME = "$(TARGET_NAME)";
				STRING_CATALOG_GENERATE_SYMBOLS = NO;
				SWIFT_APPROACHABLE_CONCURRENCY = YES;
				SWIFT_EMIT_LOC_STRINGS = NO;
				SWIFT_UPCOMING_FEATURE_MEMBER_IMPORT_VISIBILITY = YES;
				SWIFT_VERSION = 5.0;
				TARGETED_DEVICE_FAMILY = "1,2";
				TEST_HOST = "$(BUILT_PRODUCTS_DIR)/CountdownApp.app/$(BUNDLE_EXECUTABLE_FOLDER_PATH)/CountdownApp";
			};
			name = Release;
		};
		58E100792F4C064C002032AC /* Debug */ = {
			isa = XCBuildConfiguration;
			buildSettings = {
				CODE_SIGN_STYLE = Automatic;
				CURRENT_PROJECT_VERSION = 1;
				DEVELOPMENT_TEAM = TMN6MFG35F;
				GENERATE_INFOPLIST_FILE = YES;
				MARKETING_VERSION = 1.0;
				PRODUCT_BUNDLE_IDENTIFIER = com.riley.CountdownAppUITests;
				PRODUCT_NAME = "$(TARGET_NAME)";
				STRING_CATALOG_GENERATE_SYMBOLS = NO;
				SWIFT_APPROACHABLE_CONCURRENCY = YES;
				SWIFT_EMIT_LOC_STRINGS = NO;
				SWIFT_UPCOMING_FEATURE_MEMBER_IMPORT_VISIBILITY = YES;
				SWIFT_VERSION = 5.0;
				TARGETED_DEVICE_FAMILY = "1,2";
				TEST_TARGET_NAME = CountdownApp;
			};
			name = Debug;
		};
		58E1007A2F4C064C002032AC /* Release */ = {
			isa = XCBuildConfiguration;
			buildSettings = {
				CODE_SIGN_STYLE = Automatic;
				CURRENT_PROJECT_VERSION = 1;
				DEVELOPMENT_TEAM = TMN6MFG35F;
				GENERATE_INFOPLIST_FILE = YES;
				MARKETING_VERSION = 1.0;
				PRODUCT_BUNDLE_IDENTIFIER = com.riley.CountdownAppUITests;
				PRODUCT_NAME = "$(TARGET_NAME)";
				STRING_CATALOG_GENERATE_SYMBOLS = NO;
				SWIFT_APPROACHABLE_CONCURRENCY = YES;
				SWIFT_EMIT_LOC_STRINGS = NO;
				SWIFT_UPCOMING_FEATURE_MEMBER_IMPORT_VISIBILITY = YES;
				SWIFT_VERSION = 5.0;
				TARGETED_DEVICE_FAMILY = "1,2";
				TEST_TARGET_NAME = CountdownApp;
			};
			name = Release;
		};
		58E100982F4C069F002032AC /* Debug */ = {
			isa = XCBuildConfiguration;
			buildSettings = {
				ASSETCATALOG_COMPILER_GLOBAL_ACCENT_COLOR_NAME = AccentColor;
				ASSETCATALOG_COMPILER_WIDGET_BACKGROUND_COLOR_NAME = WidgetBackground;
				CODE_SIGN_ENTITLEMENTS = CountdownWidgetExtension.entitlements;
				CODE_SIGN_STYLE = Automatic;
				CURRENT_PROJECT_VERSION = 1;
				DEVELOPMENT_TEAM = TMN6MFG35F;
				GENERATE_INFOPLIST_FILE = YES;
				INFOPLIST_FILE = CountdownWidget/Info.plist;
				INFOPLIST_KEY_CFBundleDisplayName = CountdownWidget;
				INFOPLIST_KEY_NSHumanReadableCopyright = "";
				LD_RUNPATH_SEARCH_PATHS = (
					"$(inherited)",
					"@executable_path/Frameworks",
					"@executable_path/../../Frameworks",
				);
				MARKETING_VERSION = 1.0;
				PRODUCT_BUNDLE_IDENTIFIER = com.riley.CountdownApp.CountdownWidget;
				PRODUCT_NAME = "$(TARGET_NAME)";
				SKIP_INSTALL = YES;
				STRING_CATALOG_GENERATE_SYMBOLS = YES;
				SWIFT_APPROACHABLE_CONCURRENCY = YES;
				SWIFT_EMIT_LOC_STRINGS = YES;
				SWIFT_UPCOMING_FEATURE_MEMBER_IMPORT_VISIBILITY = YES;
				SWIFT_VERSION = 5.0;
				TARGETED_DEVICE_FAMILY = "1,2";
			};
			name = Debug;
		};
		58E100992F4C069F002032AC /* Release */ = {
			isa = XCBuildConfiguration;
			buildSettings = {
				ASSETCATALOG_COMPILER_GLOBAL_ACCENT_COLOR_NAME = AccentColor;
				ASSETCATALOG_COMPILER_WIDGET_BACKGROUND_COLOR_NAME = WidgetBackground;
				CODE_SIGN_ENTITLEMENTS = CountdownWidgetExtension.entitlements;
				CODE_SIGN_STYLE = Automatic;
				CURRENT_PROJECT_VERSION = 1;
				DEVELOPMENT_TEAM = TMN6MFG35F;
				GENERATE_INFOPLIST_FILE = YES;
				INFOPLIST_FILE = CountdownWidget/Info.plist;
				INFOPLIST_KEY_CFBundleDisplayName = CountdownWidget;
				INFOPLIST_KEY_NSHumanReadableCopyright = "";
				LD_RUNPATH_SEARCH_PATHS = (
					"$(inherited)",
					"@executable_path/Frameworks",
					"@executable_path/../../Frameworks",
				);
				MARKETING_VERSION = 1.0;
				PRODUCT_BUNDLE_IDENTIFIER = com.riley.CountdownApp.CountdownWidget;
				PRODUCT_NAME = "$(TARGET_NAME)";
				SKIP_INSTALL = YES;
				STRING_CATALOG_GENERATE_SYMBOLS = YES;
				SWIFT_APPROACHABLE_CONCURRENCY = YES;
				SWIFT_EMIT_LOC_STRINGS = YES;
				SWIFT_UPCOMING_FEATURE_MEMBER_IMPORT_VISIBILITY = YES;
				SWIFT_VERSION = 5.0;
				TARGETED_DEVICE_FAMILY = "1,2";
			};
			name = Release;
		};
/* End XCBuildConfiguration section */

/* Begin XCConfigurationList section */
		58E1004C2F4C0649002032AC /* Build configuration list for PBXProject "CountdownApp" */ = {
			isa = XCConfigurationList;
			buildConfigurations = (
				58E100702F4C064C002032AC /* Debug */,
				58E100712F4C064C002032AC /* Release */,
			);
			defaultConfigurationIsVisible = 0;
			defaultConfigurationName = Release;
		};
		58E100722F4C064C002032AC /* Build configuration list for PBXNativeTarget "CountdownApp" */ = {
			isa = XCConfigurationList;
			buildConfigurations = (
				58E100732F4C064C002032AC /* Debug */,
				58E100742F4C064C002032AC /* Release */,
			);
			defaultConfigurationIsVisible = 0;
			defaultConfigurationName = Release;
		};
		58E100752F4C064C002032AC /* Build configuration list for PBXNativeTarget "CountdownAppTests" */ = {
			isa = XCConfigurationList;
			buildConfigurations = (
				58E100762F4C064C002032AC /* Debug */,
				58E100772F4C064C002032AC /* Release */,
			);
			defaultConfigurationIsVisible = 0;
			defaultConfigurationName = Release;
		};
		58E100782F4C064C002032AC /* Build configuration list for PBXNativeTarget "CountdownAppUITests" */ = {
			isa = XCConfigurationList;
			buildConfigurations = (
				58E100792F4C064C002032AC /* Debug */,
				58E1007A2F4C064C002032AC /* Release */,
			);
			defaultConfigurationIsVisible = 0;
			defaultConfigurationName = Release;
		};
		58E100972F4C069F002032AC /* Build configuration list for PBXNativeTarget "CountdownWidgetExtension" */ = {
			isa = XCConfigurationList;
			buildConfigurations = (
				58E100982F4C069F002032AC /* Debug */,
				58E100992F4C069F002032AC /* Release */,
			);
			defaultConfigurationIsVisible = 0;
			defaultConfigurationName = Release;
		};
/* End XCConfigurationList section */
	};
	rootObject = 58E100492F4C0649002032AC /* Project object */;
}
